
Microsoft Visual Studio Solution File, Format Version 12.00
# Visual Studio Version 17
VisualStudioVersion = 17.5.33516.290
MinimumVisualStudioVersion = 10.0.40219.1
Project("{FAE04EC0-301F-11D3-BF4B-00C04F79EFBC}") = "FruityViceApiIntegerationApp", "FruityViceApiIntegerationApp.csproj", "{EEF222AA-5BBD-4327-838F-DA435F8E62D4}"
EndProject
Global
	GlobalSection(SolutionConfigurationPlatforms) = preSolution
		Debug|Any CPU = Debug|Any CPU
		Release|Any CPU = Release|Any CPU
	EndGlobalSection
	GlobalSection(ProjectConfigurationPlatforms) = postSolution
		{EEF222AA-5BBD-4327-838F-DA435F8E62D4}.Debug|Any CPU.ActiveCfg = Debug|Any CPU
		{EEF222AA-5BBD-4327-838F-DA435F8E62D4}.Debug|Any CPU.Build.0 = Debug|Any CPU
		{EEF222AA-5BBD-4327-838F-DA435F8E62D4}.Release|Any CPU.ActiveCfg = Release|Any CPU
		{EEF222AA-5BBD-4327-838F-DA435F8E62D4}.Release|Any CPU.Build.0 = Release|Any CPU
	EndGlobalSection
	GlobalSection(SolutionProperties) = preSolution
		HideSolutionNode = FALSE
	EndGlobalSection
	GlobalSection(ExtensibilityGlobals) = postSolution
		SolutionGuid = {13976CAC-8930-462F-93A6-35A4A1C5910B}
	EndGlobalSection
EndGlobal
